
Microsoft Visual Studio Solution File, Format Version 12.00
# Visual Studio 15
VisualStudioVersion = 15.0.27703.2000
MinimumVisualStudioVersion = 10.0.40219.1
Project("{F184B08F-C81C-45F6-A57F-5ABD9991F28F}") = "SpreadWithButtons", "SpreadWithButtons\SpreadWithButtons.vbproj", "{CA6080DE-1D3A-4E54-A199-51E542980917}"
EndProject
Project("{F184B08F-C81C-45F6-A57F-5ABD9991F28F}") = "spreadForPerformance", "spreadForPerformance\spreadForPerformance.vbproj", "{6F44E3F9-3167-4419-98CD-EE1E14AD2931}"
EndProject
Project("{F184B08F-C81C-45F6-A57F-5ABD9991F28F}") = "SpreadStreamYExcel", "SpreadStreamYExcel\SpreadStreamYExcel.vbproj", "{0DE50DED-15EE-4C29-9DCF-394E694EC897}"
EndProject
Global
	GlobalSection(SolutionConfigurationPlatforms) = preSolution
		Debug|Any CPU = Debug|Any CPU
		Release|Any CPU = Release|Any CPU
	EndGlobalSection
	GlobalSection(ProjectConfigurationPlatforms) = postSolution
		{CA6080DE-1D3A-4E54-A199-51E542980917}.Debug|Any CPU.ActiveCfg = Debug|Any CPU
		{CA6080DE-1D3A-4E54-A199-51E542980917}.Debug|Any CPU.Build.0 = Debug|Any CPU
		{CA6080DE-1D3A-4E54-A199-51E542980917}.Release|Any CPU.ActiveCfg = Release|Any CPU
		{CA6080DE-1D3A-4E54-A199-51E542980917}.Release|Any CPU.Build.0 = Release|Any CPU
		{6F44E3F9-3167-4419-98CD-EE1E14AD2931}.Debug|Any CPU.ActiveCfg = Debug|Any CPU
		{6F44E3F9-3167-4419-98CD-EE1E14AD2931}.Debug|Any CPU.Build.0 = Debug|Any CPU
		{6F44E3F9-3167-4419-98CD-EE1E14AD2931}.Release|Any CPU.ActiveCfg = Release|Any CPU
		{6F44E3F9-3167-4419-98CD-EE1E14AD2931}.Release|Any CPU.Build.0 = Release|Any CPU
		{0DE50DED-15EE-4C29-9DCF-394E694EC897}.Debug|Any CPU.ActiveCfg = Debug|Any CPU
		{0DE50DED-15EE-4C29-9DCF-394E694EC897}.Debug|Any CPU.Build.0 = Debug|Any CPU
		{0DE50DED-15EE-4C29-9DCF-394E694EC897}.Release|Any CPU.ActiveCfg = Release|Any CPU
		{0DE50DED-15EE-4C29-9DCF-394E694EC897}.Release|Any CPU.Build.0 = Release|Any CPU
	EndGlobalSection
	GlobalSection(SolutionProperties) = preSolution
		HideSolutionNode = FALSE
	EndGlobalSection
	GlobalSection(ExtensibilityGlobals) = postSolution
		SolutionGuid = {7223839D-2076-4039-B634-71F21EAFD310}
	EndGlobalSection
EndGlobal
